
Microsoft Visual Studio Solution File, Format Version 12.00
# Visual Studio Version 16
VisualStudioVersion = 16.0.29509.3
MinimumVisualStudioVersion = 10.0.40219.1
Project("{F184B08F-C81C-45F6-A57F-5ABD9991F28F}") = "GPA", "GPA\GPA.vbproj", "{F4BAA90E-5184-41D8-83A9-820E65704BC3}"
EndProject
Global
	GlobalSection(SolutionConfigurationPlatforms) = preSolution
		Debug|Any CPU = Debug|Any CPU
		Release|Any CPU = Release|Any CPU
	EndGlobalSection
	GlobalSection(ProjectConfigurationPlatforms) = postSolution
		{F4BAA90E-5184-41D8-83A9-820E65704BC3}.Debug|Any CPU.ActiveCfg = Debug|Any CPU
		{F4BAA90E-5184-41D8-83A9-820E65704BC3}.Debug|Any CPU.Build.0 = Debug|Any CPU
		{F4BAA90E-5184-41D8-83A9-820E65704BC3}.Release|Any CPU.ActiveCfg = Release|Any CPU
		{F4BAA90E-5184-41D8-83A9-820E65704BC3}.Release|Any CPU.Build.0 = Release|Any CPU
	EndGlobalSection
	GlobalSection(SolutionProperties) = preSolution
		HideSolutionNode = FALSE
	EndGlobalSection
	GlobalSection(ExtensibilityGlobals) = postSolution
		SolutionGuid = {E47554D2-3592-43BD-ADC9-19C5AB12CF6B}
	EndGlobalSection
EndGlobal
